// !$*UTF8*$!
{
	archiveVersion = 1;
	classes = {
	};
	objectVersion = 46;
	objects = {

/* Begin PBXBuildFile section */
		19162D001E6AA0E000047D46 /* AppDelegate.swift in Sources */ = {isa = PBXBuildFile; fileRef = 19162CED1E6AA0E000047D46 /* AppDelegate.swift */; };
		19162D011E6AA0E000047D46 /* LaunchScreen.xib in Resources */ = {isa = PBXBuildFile; fileRef = 19162CEE1E6AA0E000047D46 /* LaunchScreen.xib */; };
		19162D021E6AA0E000047D46 /* Main.storyboard in Resources */ = {isa = PBXBuildFile; fileRef = 19162CF01E6AA0E000047D46 /* Main.storyboard */; };
		19162D031E6AA0E000047D46 /* DropDownViews.swift in Sources */ = {isa = PBXBuildFile; fileRef = 19162CF21E6AA0E000047D46 /* DropDownViews.swift */; };
		19162D041E6AA0E000047D46 /* DropDownViews.xib in Resources */ = {isa = PBXBuildFile; fileRef = 19162CF31E6AA0E000047D46 /* DropDownViews.xib */; };
		19162D051E6AA0E000047D46 /* Images.xcassets in Resources */ = {isa = PBXBuildFile; fileRef = 19162CF41E6AA0E000047D46 /* Images.xcassets */; };
		19162D061E6AA0E000047D46 /* IMG_2279.PNG in Resources */ = {isa = PBXBuildFile; fileRef = 19162CF51E6AA0E000047D46 /* IMG_2279.PNG */; };
		19162D071E6AA0E000047D46 /* Info.plist in Resources */ = {isa = PBXBuildFile; fileRef = 19162CF61E6AA0E000047D46 /* Info.plist */; };
		19162D081E6AA0E000047D46 /* ViewController.swift in Sources */ = {isa = PBXBuildFile; fileRef = 19162CF71E6AA0E000047D46 /* ViewController.swift */; };
		19162D091E6AA0E000047D46 /* YNDropDownButton.swift in Sources */ = {isa = PBXBuildFile; fileRef = 19162CF91E6AA0E000047D46 /* YNDropDownButton.swift */; };
		19162D0A1E6AA0E000047D46 /* YNDropDownDelegate.swift in Sources */ = {isa = PBXBuildFile; fileRef = 19162CFA1E6AA0E000047D46 /* YNDropDownDelegate.swift */; };
		19162D0B1E6AA0E000047D46 /* YNDropDownDeprecated.swift in Sources */ = {isa = PBXBuildFile; fileRef = 19162CFB1E6AA0E000047D46 /* YNDropDownDeprecated.swift */; };
		19162D0C1E6AA0E000047D46 /* YNDropDownMenu.swift in Sources */ = {isa = PBXBuildFile; fileRef = 19162CFD1E6AA0E000047D46 /* YNDropDownMenu.swift */; };
		19162D0D1E6AA0E000047D46 /* YNDropDownStatus.swift in Sources */ = {isa = PBXBuildFile; fileRef = 19162CFE1E6AA0E000047D46 /* YNDropDownStatus.swift */; };
		19162D0E1E6AA0E000047D46 /* YNDropDownView.swift in Sources */ = {isa = PBXBuildFile; fileRef = 19162CFF1E6AA0E000047D46 /* YNDropDownView.swift */; };
		19162D131E6AA4DE00047D46 /* CHANGELOG.md in Sources */ = {isa = PBXBuildFile; fileRef = 19162D101E6AA4DE00047D46 /* CHANGELOG.md */; };
		19162D141E6AA4DE00047D46 /* README.md in Sources */ = {isa = PBXBuildFile; fileRef = 19162D111E6AA4DE00047D46 /* README.md */; };
		19162D151E6AA4DE00047D46 /* YNDropDownMenu.podspec in Resources */ = {isa = PBXBuildFile; fileRef = 19162D121E6AA4DE00047D46 /* YNDropDownMenu.podspec */; };
/* End PBXBuildFile section */

/* Begin PBXContainerItemProxy section */
		19D0930F1E6A8A31008E7695 /* PBXContainerItemProxy */ = {
			isa = PBXContainerItemProxy;
			containerPortal = 19D092F21E6A8A30008E7695 /* Project object */;
			proxyType = 1;
			remoteGlobalIDString = 19D092F91E6A8A30008E7695;
			remoteInfo = Example;
		};
/* End PBXContainerItemProxy section */

/* Begin PBXFileReference section */
		19162CED1E6AA0E000047D46 /* AppDelegate.swift */ = {isa = PBXFileReference; fileEncoding = 4; lastKnownFileType = sourcecode.swift; path = AppDelegate.swift; sourceTree = "<group>"; };
		19162CEF1E6AA0E000047D46 /* Base */ = {isa = PBXFileReference; lastKnownFileType = file.xib; name = Base; path = Base.lproj/LaunchScreen.xib; sourceTree = "<group>"; };
		19162CF11E6AA0E000047D46 /* Base */ = {isa = PBXFileReference; lastKnownFileType = file.storyboard; name = Base; path = Base.lproj/Main.storyboard; sourceTree = "<group>"; };
		19162CF21E6AA0E000047D46 /* DropDownViews.swift */ = {isa = PBXFileReference; fileEncoding = 4; lastKnownFileType = sourcecode.swift; path = DropDownViews.swift; sourceTree = "<group>"; };
		19162CF31E6AA0E000047D46 /* DropDownViews.xib */ = {isa = PBXFileReference; fileEncoding = 4; lastKnownFileType = file.xib; path = DropDownViews.xib; sourceTree = "<group>"; };
		19162CF41E6AA0E000047D46 /* Images.xcassets */ = {isa = PBXFileReference; lastKnownFileType = folder.assetcatalog; path = Images.xcassets; sourceTree = "<group>"; };
		19162CF51E6AA0E000047D46 /* IMG_2279.PNG */ = {isa = PBXFileReference; lastKnownFileType = image.png; path = IMG_2279.PNG; sourceTree = "<group>"; };
		19162CF61E6AA0E000047D46 /* Info.plist */ = {isa = PBXFileReference; fileEncoding = 4; lastKnownFileType = text.plist.xml; path = Info.plist; sourceTree = "<group>"; };
		19162CF71E6AA0E000047D46 /* ViewController.swift */ = {isa = PBXFileReference; fileEncoding = 4; lastKnownFileType = sourcecode.swift; path = ViewController.swift; sourceTree = "<group>"; };
		19162CF91E6AA0E000047D46 /* YNDropDownButton.swift */ = {isa = PBXFileReference; fileEncoding = 4; lastKnownFileType = sourcecode.swift; path = YNDropDownButton.swift; sourceTree = "<group>"; };
		19162CFA1E6AA0E000047D46 /* YNDropDownDelegate.swift */ = {isa = PBXFileReference; fileEncoding = 4; lastKnownFileType = sourcecode.swift; path = YNDropDownDelegate.swift; sourceTree = "<group>"; };
		19162CFB1E6AA0E000047D46 /* YNDropDownDeprecated.swift */ = {isa = PBXFileReference; fileEncoding = 4; lastKnownFileType = sourcecode.swift; path = YNDropDownDeprecated.swift; sourceTree = "<group>"; };
		19162CFC1E6AA0E000047D46 /* YNDropDownMenu.h */ = {isa = PBXFileReference; fileEncoding = 4; lastKnownFileType = sourcecode.c.h; path = YNDropDownMenu.h; sourceTree = "<group>"; };
		19162CFD1E6AA0E000047D46 /* YNDropDownMenu.swift */ = {isa = PBXFileReference; fileEncoding = 4; lastKnownFileType = sourcecode.swift; path = YNDropDownMenu.swift; sourceTree = "<group>"; };
		19162CFE1E6AA0E000047D46 /* YNDropDownStatus.swift */ = {isa = PBXFileReference; fileEncoding = 4; lastKnownFileType = sourcecode.swift; path = YNDropDownStatus.swift; sourceTree = "<group>"; };
		19162CFF1E6AA0E000047D46 /* YNDropDownView.swift */ = {isa = PBXFileReference; fileEncoding = 4; lastKnownFileType = sourcecode.swift; path = YNDropDownView.swift; sourceTree = "<group>"; };
		19162D101E6AA4DE00047D46 /* CHANGELOG.md */ = {isa = PBXFileReference; fileEncoding = 4; lastKnownFileType = net.daringfireball.markdown; path = CHANGELOG.md; sourceTree = SOURCE_ROOT; };
		19162D111E6AA4DE00047D46 /* README.md */ = {isa = PBXFileReference; fileEncoding = 4; lastKnownFileType = net.daringfireball.markdown; path = README.md; sourceTree = SOURCE_ROOT; };
		19162D121E6AA4DE00047D46 /* YNDropDownMenu.podspec */ = {isa = PBXFileReference; fileEncoding = 4; lastKnownFileType = text; path = YNDropDownMenu.podspec; sourceTree = SOURCE_ROOT; };
		19D092FA1E6A8A30008E7695 /* YNDropDownMenu.app */ = {isa = PBXFileReference; explicitFileType = wrapper.application; includeInIndex = 0; path = YNDropDownMenu.app; sourceTree = BUILT_PRODUCTS_DIR; };
		19D0930E1E6A8A31008E7695 /* YNDropDownMenuUITests.xctest */ = {isa = PBXFileReference; explicitFileType = wrapper.cfbundle; includeInIndex = 0; path = YNDropDownMenuUITests.xctest; sourceTree = BUILT_PRODUCTS_DIR; };
/* End PBXFileReference section */

/* Begin PBXFrameworksBuildPhase section */
		19D092F71E6A8A30008E7695 /* Frameworks */ = {
			isa = PBXFrameworksBuildPhase;
			buildActionMask = 2147483647;
			files = (
			);
			runOnlyForDeploymentPostprocessing = 0;
		};
		19D0930B1E6A8A31008E7695 /* Frameworks */ = {
			isa = PBXFrameworksBuildPhase;
			buildActionMask = 2147483647;
			files = (
			);
			runOnlyForDeploymentPostprocessing = 0;
		};
/* End PBXFrameworksBuildPhase section */

/* Begin PBXGroup section */
		19162CEC1E6AA0E000047D46 /* Example */ = {
			isa = PBXGroup;
			children = (
				19162CED1E6AA0E000047D46 /* AppDelegate.swift */,
				19162CF71E6AA0E000047D46 /* ViewController.swift */,
				19162CF21E6AA0E000047D46 /* DropDownViews.swift */,
				19162CF31E6AA0E000047D46 /* DropDownViews.xib */,
				19162CEE1E6AA0E000047D46 /* LaunchScreen.xib */,
				19162CF01E6AA0E000047D46 /* Main.storyboard */,
				19162CF41E6AA0E000047D46 /* Images.xcassets */,
				19162CF51E6AA0E000047D46 /* IMG_2279.PNG */,
				19162CF61E6AA0E000047D46 /* Info.plist */,
			);
			name = Example;
			path = YNDropDownMenu/Example;
			sourceTree = "<group>";
		};
		19162CF81E6AA0E000047D46 /* Source */ = {
			isa = PBXGroup;
			children = (
				19162D0F1E6AA4CF00047D46 /* Support */,
				19162CFD1E6AA0E000047D46 /* YNDropDownMenu.swift */,
				19162CFF1E6AA0E000047D46 /* YNDropDownView.swift */,
				19162CF91E6AA0E000047D46 /* YNDropDownButton.swift */,
				19162CFA1E6AA0E000047D46 /* YNDropDownDelegate.swift */,
				19162CFE1E6AA0E000047D46 /* YNDropDownStatus.swift */,
				19162CFB1E6AA0E000047D46 /* YNDropDownDeprecated.swift */,
			);
			name = Source;
			path = YNDropDownMenu/Source;
			sourceTree = "<group>";
		};
		19162D0F1E6AA4CF00047D46 /* Support */ = {
			isa = PBXGroup;
			children = (
				19162D101E6AA4DE00047D46 /* CHANGELOG.md */,
				19162D111E6AA4DE00047D46 /* README.md */,
				19162D121E6AA4DE00047D46 /* YNDropDownMenu.podspec */,
				19162CFC1E6AA0E000047D46 /* YNDropDownMenu.h */,
			);
			name = Support;
			sourceTree = "<group>";
		};
		19D092F11E6A8A30008E7695 = {
			isa = PBXGroup;
			children = (
				19162CEC1E6AA0E000047D46 /* Example */,
				19162CF81E6AA0E000047D46 /* Source */,
				19D092FB1E6A8A30008E7695 /* Products */,
			);
			sourceTree = "<group>";
		};
		19D092FB1E6A8A30008E7695 /* Products */ = {
			isa = PBXGroup;
			children = (
				19D092FA1E6A8A30008E7695 /* YNDropDownMenu.app */,
				19D0930E1E6A8A31008E7695 /* YNDropDownMenuUITests.xctest */,
			);
			name = Products;
			sourceTree = "<group>";
		};
/* End PBXGroup section */

/* Begin PBXNativeTarget section */
		19D092F91E6A8A30008E7695 /* YNDropDownMenu */ = {
			isa = PBXNativeTarget;
			buildConfigurationList = 19D093171E6A8A31008E7695 /* Build configuration list for PBXNativeTarget "YNDropDownMenu" */;
			buildPhases = (
				19D092F61E6A8A30008E7695 /* Sources */,
				19D092F71E6A8A30008E7695 /* Frameworks */,
				19D092F81E6A8A30008E7695 /* Resources */,
			);
			buildRules = (
			);
			dependencies = (
			);
			name = YNDropDownMenu;
			productName = Example;
			productReference = 19D092FA1E6A8A30008E7695 /* YNDropDownMenu.app */;
			productType = "com.apple.product-type.application";
		};
		19D0930D1E6A8A31008E7695 /* YNDropDownMenuUITests */ = {
			isa = PBXNativeTarget;
			buildConfigurationList = 19D0931A1E6A8A31008E7695 /* Build configuration list for PBXNativeTarget "YNDropDownMenuUITests" */;
			buildPhases = (
				19D0930A1E6A8A31008E7695 /* Sources */,
				19D0930B1E6A8A31008E7695 /* Frameworks */,
				19D0930C1E6A8A31008E7695 /* Resources */,
			);
			buildRules = (
			);
			dependencies = (
				19D093101E6A8A31008E7695 /* PBXTargetDependency */,
			);
			name = YNDropDownMenuUITests;
			productName = ExampleUITests;
			productReference = 19D0930E1E6A8A31008E7695 /* YNDropDownMenuUITests.xctest */;
			productType = "com.apple.product-type.bundle.ui-testing";
		};
/* End PBXNativeTarget section */

/* Begin PBXProject section */
		19D092F21E6A8A30008E7695 /* Project object */ = {
			isa = PBXProject;
			attributes = {
				LastSwiftUpdateCheck = 0820;
				LastUpgradeCheck = 0820;
				ORGANIZATIONNAME = SeungyounYi;
				TargetAttributes = {
					19D092F91E6A8A30008E7695 = {
						CreatedOnToolsVersion = 8.2.1;
						DevelopmentTeam = 4G7K3CN2JU;
						ProvisioningStyle = Automatic;
					};
					19D0930D1E6A8A31008E7695 = {
						CreatedOnToolsVersion = 8.2.1;
						DevelopmentTeam = 4G7K3CN2JU;
						ProvisioningStyle = Automatic;
						TestTargetID = 19D092F91E6A8A30008E7695;
					};
				};
			};
			buildConfigurationList = 19D092F51E6A8A30008E7695 /* Build configuration list for PBXProject "YNDropDownMenu" */;
			compatibilityVersion = "Xcode 3.2";
			developmentRegion = English;
			hasScannedForEncodings = 0;
			knownRegions = (
				en,
				Base,
			);
			mainGroup = 19D092F11E6A8A30008E7695;
			productRefGroup = 19D092FB1E6A8A30008E7695 /* Products */;
			projectDirPath = "";
			projectRoot = "";
			targets = (
				19D092F91E6A8A30008E7695 /* YNDropDownMenu */,
				19D0930D1E6A8A31008E7695 /* YNDropDownMenuUITests */,
			);
		};
/* End PBXProject section */

/* Begin PBXResourcesBuildPhase section */
		19D092F81E6A8A30008E7695 /* Resources */ = {
			isa = PBXResourcesBuildPhase;
			buildActionMask = 2147483647;
			files = (
				19162D011E6AA0E000047D46 /* LaunchScreen.xib in Resources */,
				19162D051E6AA0E000047D46 /* Images.xcassets in Resources */,
				19162D071E6AA0E000047D46 /* Info.plist in Resources */,
				19162D061E6AA0E000047D46 /* IMG_2279.PNG in Resources */,
				19162D021E6AA0E000047D46 /* Main.storyboard in Resources */,
				19162D041E6AA0E000047D46 /* DropDownViews.xib in Resources */,
				19162D151E6AA4DE00047D46 /* YNDropDownMenu.podspec in Resources */,
			);
			runOnlyForDeploymentPostprocessing = 0;
		};
		19D0930C1E6A8A31008E7695 /* Resources */ = {
			isa = PBXResourcesBuildPhase;
			buildActionMask = 2147483647;
			files = (
			);
			runOnlyForDeploymentPostprocessing = 0;
		};
/* End PBXResourcesBuildPhase section */

/* Begin PBXSourcesBuildPhase section */
		19D092F61E6A8A30008E7695 /* Sources */ = {
			isa = PBXSourcesBuildPhase;
			buildActionMask = 2147483647;
			files = (
				19162D0B1E6AA0E000047D46 /* YNDropDownDeprecated.swift in Sources */,
				19162D131E6AA4DE00047D46 /* CHANGELOG.md in Sources */,
				19162D0D1E6AA0E000047D46 /* YNDropDownStatus.swift in Sources */,
				19162D081E6AA0E000047D46 /* ViewController.swift in Sources */,
				19162D091E6AA0E000047D46 /* YNDropDownButton.swift in Sources */,
				19162D0A1E6AA0E000047D46 /* YNDropDownDelegate.swift in Sources */,
				19162D001E6AA0E000047D46 /* AppDelegate.swift in Sources */,
				19162D0E1E6AA0E000047D46 /* YNDropDownView.swift in Sources */,
				19162D0C1E6AA0E000047D46 /* YNDropDownMenu.swift in Sources */,
				19162D141E6AA4DE00047D46 /* README.md in Sources */,
				19162D031E6AA0E000047D46 /* DropDownViews.swift in Sources */,
			);
			runOnlyForDeploymentPostprocessing = 0;
		};
		19D0930A1E6A8A31008E7695 /* Sources */ = {
			isa = PBXSourcesBuildPhase;
			buildActionMask = 2147483647;
			files = (
			);
			runOnlyForDeploymentPostprocessing = 0;
		};
/* End PBXSourcesBuildPhase section */

/* Begin PBXTargetDependency section */
		19D093101E6A8A31008E7695 /* PBXTargetDependency */ = {
			isa = PBXTargetDependency;
			target = 19D092F91E6A8A30008E7695 /* YNDropDownMenu */;
			targetProxy = 19D0930F1E6A8A31008E7695 /* PBXContainerItemProxy */;
		};
/* End PBXTargetDependency section */

/* Begin PBXVariantGroup section */
		19162CEE1E6AA0E000047D46 /* LaunchScreen.xib */ = {
			isa = PBXVariantGroup;
			children = (
				19162CEF1E6AA0E000047D46 /* Base */,
			);
			name = LaunchScreen.xib;
			sourceTree = "<group>";
		};
		19162CF01E6AA0E000047D46 /* Main.storyboard */ = {
			isa = PBXVariantGroup;
			children = (
				19162CF11E6AA0E000047D46 /* Base */,
			);
			name = Main.storyboard;
			sourceTree = "<group>";
		};
/* End PBXVariantGroup section */

/* Begin XCBuildConfiguration section */
		19D093151E6A8A31008E7695 /* Debug */ = {
			isa = XCBuildConfiguration;
			buildSettings = {
				ALWAYS_SEARCH_USER_PATHS = NO;
				CLANG_ANALYZER_NONNULL = YES;
				CLANG_CXX_LANGUAGE_STANDARD = "gnu++0x";
				CLANG_CXX_LIBRARY = "libc++";
				CLANG_ENABLE_MODULES = YES;
				CLANG_ENABLE_OBJC_ARC = YES;
				CLANG_WARN_BOOL_CONVERSION = YES;
				CLANG_WARN_CONSTANT_CONVERSION = YES;
				CLANG_WARN_DIRECT_OBJC_ISA_USAGE = YES_ERROR;
				CLANG_WARN_DOCUMENTATION_COMMENTS = YES;
				CLANG_WARN_EMPTY_BODY = YES;
				CLANG_WARN_ENUM_CONVERSION = YES;
				CLANG_WARN_INFINITE_RECURSION = YES;
				CLANG_WARN_INT_CONVERSION = YES;
				CLANG_WARN_OBJC_ROOT_CLASS = YES_ERROR;
				CLANG_WARN_SUSPICIOUS_MOVE = YES;
				CLANG_WARN_UNREACHABLE_CODE = YES;
				CLANG_WARN__DUPLICATE_METHOD_MATCH = YES;
				"CODE_SIGN_IDENTITY[sdk=iphoneos*]" = "iPhone Developer";
				COPY_PHASE_STRIP = NO;
				DEBUG_INFORMATION_FORMAT = dwarf;
				ENABLE_STRICT_OBJC_MSGSEND = YES;
				ENABLE_TESTABILITY = YES;
				GCC_C_LANGUAGE_STANDARD = gnu99;
				GCC_DYNAMIC_NO_PIC = NO;
				GCC_NO_COMMON_BLOCKS = YES;
				GCC_OPTIMIZATION_LEVEL = 0;
				GCC_PREPROCESSOR_DEFINITIONS = (
					"DEBUG=1",
					"$(inherited)",
				);
				GCC_WARN_64_TO_32_BIT_CONVERSION = YES;
				GCC_WARN_ABOUT_RETURN_TYPE = YES_ERROR;
				GCC_WARN_UNDECLARED_SELECTOR = YES;
				GCC_WARN_UNINITIALIZED_AUTOS = YES_AGGRESSIVE;
				GCC_WARN_UNUSED_FUNCTION = YES;
				GCC_WARN_UNUSED_VARIABLE = YES;
				IPHONEOS_DEPLOYMENT_TARGET = 10.2;
				MTL_ENABLE_DEBUG_INFO = YES;
				ONLY_ACTIVE_ARCH = YES;
				SDKROOT = iphoneos;
				SWIFT_ACTIVE_COMPILATION_CONDITIONS = DEBUG;
				SWIFT_OPTIMIZATION_LEVEL = "-Onone";
			};
			name = Debug;
		};
		19D093161E6A8A31008E7695 /* Release */ = {
			isa = XCBuildConfiguration;
			buildSettings = {
				ALWAYS_SEARCH_USER_PATHS = NO;
				CLANG_ANALYZER_NONNULL = YES;
				CLANG_CXX_LANGUAGE_STANDARD = "gnu++0x";
				CLANG_CXX_LIBRARY = "libc++";
				CLANG_ENABLE_MODULES = YES;
				CLANG_ENABLE_OBJC_ARC = YES;
				CLANG_WARN_BOOL_CONVERSION = YES;
				CLANG_WARN_CONSTANT_CONVERSION = YES;
				CLANG_WARN_DIRECT_OBJC_ISA_USAGE = YES_ERROR;
				CLANG_WARN_DOCUMENTATION_COMMENTS = YES;
				CLANG_WARN_EMPTY_BODY = YES;
				CLANG_WARN_ENUM_CONVERSION = YES;
				CLANG_WARN_INFINITE_RECURSION = YES;
				CLANG_WARN_INT_CONVERSION = YES;
				CLANG_WARN_OBJC_ROOT_CLASS = YES_ERROR;
				CLANG_WARN_SUSPICIOUS_MOVE = YES;
				CLANG_WARN_UNREACHABLE_CODE = YES;
				CLANG_WARN__DUPLICATE_METHOD_MATCH = YES;
				"CODE_SIGN_IDENTITY[sdk=iphoneos*]" = "iPhone Developer";
				COPY_PHASE_STRIP = NO;
				DEBUG_INFORMATION_FORMAT = "dwarf-with-dsym";
				ENABLE_NS_ASSERTIONS = NO;
				ENABLE_STRICT_OBJC_MSGSEND = YES;
				GCC_C_LANGUAGE_STANDARD = gnu99;
				GCC_NO_COMMON_BLOCKS = YES;
				GCC_WARN_64_TO_32_BIT_CONVERSION = YES;
				GCC_WARN_ABOUT_RETURN_TYPE = YES_ERROR;
				GCC_WARN_UNDECLARED_SELECTOR = YES;
				GCC_WARN_UNINITIALIZED_AUTOS = YES_AGGRESSIVE;
				GCC_WARN_UNUSED_FUNCTION = YES;
				GCC_WARN_UNUSED_VARIABLE = YES;
				IPHONEOS_DEPLOYMENT_TARGET = 10.2;
				MTL_ENABLE_DEBUG_INFO = NO;
				SDKROOT = iphoneos;
				SWIFT_OPTIMIZATION_LEVEL = "-Owholemodule";
				VALIDATE_PRODUCT = YES;
			};
			name = Release;
		};
		19D093181E6A8A31008E7695 /* Debug */ = {
			isa = XCBuildConfiguration;
			buildSettings = {
				ASSETCATALOG_COMPILER_APPICON_NAME = AppIcon;
				DEVELOPMENT_TEAM = 4G7K3CN2JU;
				INFOPLIST_FILE = "$(SRCROOT)/YNDropDownMenu/Example/Info.plist";
				LD_RUNPATH_SEARCH_PATHS = "$(inherited) @executable_path/Frameworks";
				PRODUCT_BUNDLE_IDENTIFIER = com.seungyounyi.YNDropDownMenu;
				PRODUCT_NAME = "$(TARGET_NAME)";
				SWIFT_VERSION = 3.0;
			};
			name = Debug;
		};
		19D093191E6A8A31008E7695 /* Release */ = {
			isa = XCBuildConfiguration;
			buildSettings = {
				ASSETCATALOG_COMPILER_APPICON_NAME = AppIcon;
				DEVELOPMENT_TEAM = 4G7K3CN2JU;
				INFOPLIST_FILE = "$(SRCROOT)/YNDropDownMenu/Example/Info.plist";
				LD_RUNPATH_SEARCH_PATHS = "$(inherited) @executable_path/Frameworks";
				PRODUCT_BUNDLE_IDENTIFIER = com.seungyounyi.YNDropDownMenu;
				PRODUCT_NAME = "$(TARGET_NAME)";
				SWIFT_VERSION = 3.0;
			};
			name = Release;
		};
		19D0931B1E6A8A31008E7695 /* Debug */ = {
			isa = XCBuildConfiguration;
			buildSettings = {
				ALWAYS_EMBED_SWIFT_STANDARD_LIBRARIES = YES;
				DEVELOPMENT_TEAM = 4G7K3CN2JU;
				INFOPLIST_FILE = ExampleUITests/Info.plist;
				LD_RUNPATH_SEARCH_PATHS = "$(inherited) @executable_path/Frameworks @loader_path/Frameworks";
				PRODUCT_BUNDLE_IDENTIFIER = com.seungyounyi.ExampleUITests;
				PRODUCT_NAME = "$(TARGET_NAME)";
				SWIFT_VERSION = 3.0;
				TEST_TARGET_NAME = Example;
			};
			name = Debug;
		};
		19D0931C1E6A8A31008E7695 /* Release */ = {
			isa = XCBuildConfiguration;
			buildSettings = {
				ALWAYS_EMBED_SWIFT_STANDARD_LIBRARIES = YES;
				DEVELOPMENT_TEAM = 4G7K3CN2JU;
				INFOPLIST_FILE = ExampleUITests/Info.plist;
				LD_RUNPATH_SEARCH_PATHS = "$(inherited) @executable_path/Frameworks @loader_path/Frameworks";
				PRODUCT_BUNDLE_IDENTIFIER = com.seungyounyi.ExampleUITests;
				PRODUCT_NAME = "$(TARGET_NAME)";
				SWIFT_VERSION = 3.0;
				TEST_TARGET_NAME = Example;
			};
			name = Release;
		};
/* End XCBuildConfiguration section */

/* Begin XCConfigurationList section */
		19D092F51E6A8A30008E7695 /* Build configuration list for PBXProject "YNDropDownMenu" */ = {
			isa = XCConfigurationList;
			buildConfigurations = (
				19D093151E6A8A31008E7695 /* Debug */,
				19D093161E6A8A31008E7695 /* Release */,
			);
			defaultConfigurationIsVisible = 0;
			defaultConfigurationName = Release;
		};
		19D093171E6A8A31008E7695 /* Build configuration list for PBXNativeTarget "YNDropDownMenu" */ = {
			isa = XCConfigurationList;
			buildConfigurations = (
				19D093181E6A8A31008E7695 /* Debug */,
				19D093191E6A8A31008E7695 /* Release */,
			);
			defaultConfigurationIsVisible = 0;
			defaultConfigurationName = Release;
		};
		19D0931A1E6A8A31008E7695 /* Build configuration list for PBXNativeTarget "YNDropDownMenuUITests" */ = {
			isa = XCConfigurationList;
			buildConfigurations = (
				19D0931B1E6A8A31008E7695 /* Debug */,
				19D0931C1E6A8A31008E7695 /* Release */,
			);
			defaultConfigurationIsVisible = 0;
			defaultConfigurationName = Release;
		};
/* End XCConfigurationList section */
	};
	rootObject = 19D092F21E6A8A30008E7695 /* Project object */;
}
